{
  "name": "homebridge-ra2-select",
  "version": "1.1.2",
  "lockfileVersion": 2,
  "requires": true,
  "packages": {
    "": {
      "name": "homebridge-ra2-select",
      "version": "1.1.2",
      "license": "MIT",
      "dependencies": {
        "state-machine-js": "^0.0.7",
        "telnet-client": "^2.0.1"
      },
      "engines": {
        "homebridge": ">=1.1.6",
        "node": ">=12.16.2"
      }
    },
    "node_modules/emitter-component": {
      "version": "1.1.1",
      "resolved": "https://registry.npmjs.org/emitter-component/-/emitter-component-1.1.1.tgz",
      "integrity": "sha1-Bl4tvtaVm/RwZ57avq95gdEAOrY="
    },
    "node_modules/net": {
      "version": "1.0.2",
      "resolved": "https://registry.npmjs.org/net/-/net-1.0.2.tgz",
      "integrity": "sha1-0XV+yaf7I3HYPPR1XOPifhCCk4g="
    },
    "node_modules/state-machine-js": {
      "version": "0.0.7",
      "resolved": "https://registry.npmjs.org/state-machine-js/-/state-machine-js-0.0.7.tgz",
      "integrity": "sha1-5r96kisakHs5Hd6SUfsi1/VIMM8="
    },
    "node_modules/stream": {
      "version": "0.0.2",
      "resolved": "https://registry.npmjs.org/stream/-/stream-0.0.2.tgz",
      "integrity": "sha1-f1Nj8Ff2WSxVlfALyAon9c7B8O8=",
      "dependencies": {
        "emitter-component": "^1.1.1"
      }
    },
    "node_modules/telnet-client": {
      "version": "2.0.1",
      "resolved": "https://registry.npmjs.org/telnet-client/-/telnet-client-2.0.1.tgz",
      "integrity": "sha512-MMcMGo9q0AbUnPg6xCdAV+0KGyW7XZu5mQfZlEvc9O40jjSRKIfGo/tDac3O4bGw1RsGdnXTUPbMlbbeEhTT/w==",
      "dependencies": {
        "net": "^1.0.2",
        "stream": "^0.0.2"
      },
      "funding": {
        "type": "paypal",
        "url": "https://paypal.me/kozjak"
      }
    }
  },
  "dependencies": {
    "emitter-component": {
      "version": "1.1.1",
      "resolved": "https://registry.npmjs.org/emitter-component/-/emitter-component-1.1.1.tgz",
      "integrity": "sha1-Bl4tvtaVm/RwZ57avq95gdEAOrY="
    },
    "net": {
      "version": "1.0.2",
      "resolved": "https://registry.npmjs.org/net/-/net-1.0.2.tgz",
      "integrity": "sha1-0XV+yaf7I3HYPPR1XOPifhCCk4g="
    },
    "state-machine-js": {
      "version": "0.0.7",
      "resolved": "https://registry.npmjs.org/state-machine-js/-/state-machine-js-0.0.7.tgz",
      "integrity": "sha1-5r96kisakHs5Hd6SUfsi1/VIMM8="
    },
    "stream": {
      "version": "0.0.2",
      "resolved": "https://registry.npmjs.org/stream/-/stream-0.0.2.tgz",
      "integrity": "sha1-f1Nj8Ff2WSxVlfALyAon9c7B8O8=",
      "requires": {
        "emitter-component": "^1.1.1"
      }
    },
    "telnet-client": {
      "version": "2.0.1",
      "resolved": "https://registry.npmjs.org/telnet-client/-/telnet-client-2.0.1.tgz",
      "integrity": "sha512-MMcMGo9q0AbUnPg6xCdAV+0KGyW7XZu5mQfZlEvc9O40jjSRKIfGo/tDac3O4bGw1RsGdnXTUPbMlbbeEhTT/w==",
      "requires": {
        "net": "^1.0.2",
        "stream": "^0.0.2"
      }
    }
  }
}
